
Microsoft Visual Studio Solution File, Format Version 12.00
# Visual Studio 15
VisualStudioVersion = 15.0.27428.2002
MinimumVisualStudioVersion = 10.0.40219.1
Project("{FAE04EC0-301F-11D3-BF4B-00C04F79EFBC}") = "PPPK_Projekt", "PPPK_Projekt\PPPK_Projekt.csproj", "{11A8B652-D704-429B-97B8-334D60F42235}"
EndProject
Global
	GlobalSection(SolutionConfigurationPlatforms) = preSolution
		Debug|Any CPU = Debug|Any CPU
		Release|Any CPU = Release|Any CPU
	EndGlobalSection
	GlobalSection(ProjectConfigurationPlatforms) = postSolution
		{11A8B652-D704-429B-97B8-334D60F42235}.Debug|Any CPU.ActiveCfg = Debug|Any CPU
		{11A8B652-D704-429B-97B8-334D60F42235}.Debug|Any CPU.Build.0 = Debug|Any CPU
		{11A8B652-D704-429B-97B8-334D60F42235}.Release|Any CPU.ActiveCfg = Release|Any CPU
		{11A8B652-D704-429B-97B8-334D60F42235}.Release|Any CPU.Build.0 = Release|Any CPU
	EndGlobalSection
	GlobalSection(SolutionProperties) = preSolution
		HideSolutionNode = FALSE
	EndGlobalSection
	GlobalSection(ExtensibilityGlobals) = postSolution
		SolutionGuid = {A055AEF7-1603-433B-AC33-390312D09697}
	EndGlobalSection
EndGlobal
